// !$*UTF8*$!
{
	archiveVersion = 1;
	classes = {
	};
	objectVersion = 50;
	objects = {

/* Begin PBXBuildFile section */
		EC2554A4225E61EC006438A8 /* AppDelegate.swift in Sources */ = {isa = PBXBuildFile; fileRef = EC2554A3225E61EC006438A8 /* AppDelegate.swift */; };
		EC2554A6225E61EC006438A8 /* SimuladorViewController.swift in Sources */ = {isa = PBXBuildFile; fileRef = EC2554A5225E61EC006438A8 /* SimuladorViewController.swift */; };
		EC2554A9225E61EC006438A8 /* Main.storyboard in Resources */ = {isa = PBXBuildFile; fileRef = EC2554A7225E61EC006438A8 /* Main.storyboard */; };
		EC2554AE225E61EE006438A8 /* LaunchScreen.storyboard in Resources */ = {isa = PBXBuildFile; fileRef = EC2554AC225E61EE006438A8 /* LaunchScreen.storyboard */; };
		EC3903C62292C1D300DFB5D1 /* HomeViewController.swift in Sources */ = {isa = PBXBuildFile; fileRef = EC3903C52292C1D300DFB5D1 /* HomeViewController.swift */; };
		EC3903C82292D60400DFB5D1 /* MetodosViewController.swift in Sources */ = {isa = PBXBuildFile; fileRef = EC3903C72292D60400DFB5D1 /* MetodosViewController.swift */; };
		EC40146D22608D0A00EAB029 /* Assets.xcassets in Resources */ = {isa = PBXBuildFile; fileRef = EC40146C22608D0A00EAB029 /* Assets.xcassets */; };
/* End PBXBuildFile section */

/* Begin PBXFileReference section */
		EC2554A0225E61EC006438A8 /* PI5.app */ = {isa = PBXFileReference; explicitFileType = wrapper.application; includeInIndex = 0; path = PI5.app; sourceTree = BUILT_PRODUCTS_DIR; };
		EC2554A3225E61EC006438A8 /* AppDelegate.swift */ = {isa = PBXFileReference; lastKnownFileType = sourcecode.swift; path = AppDelegate.swift; sourceTree = "<group>"; };
		EC2554A5225E61EC006438A8 /* SimuladorViewController.swift */ = {isa = PBXFileReference; lastKnownFileType = sourcecode.swift; path = SimuladorViewController.swift; sourceTree = "<group>"; };
		EC2554A8225E61EC006438A8 /* Base */ = {isa = PBXFileReference; lastKnownFileType = file.storyboard; name = Base; path = Base.lproj/Main.storyboard; sourceTree = "<group>"; };
		EC2554AD225E61EE006438A8 /* Base */ = {isa = PBXFileReference; lastKnownFileType = file.storyboard; name = Base; path = Base.lproj/LaunchScreen.storyboard; sourceTree = "<group>"; };
		EC2554AF225E61EE006438A8 /* Info.plist */ = {isa = PBXFileReference; lastKnownFileType = text.plist.xml; path = Info.plist; sourceTree = "<group>"; };
		EC3903C52292C1D300DFB5D1 /* HomeViewController.swift */ = {isa = PBXFileReference; lastKnownFileType = sourcecode.swift; path = HomeViewController.swift; sourceTree = "<group>"; };
		EC3903C72292D60400DFB5D1 /* MetodosViewController.swift */ = {isa = PBXFileReference; lastKnownFileType = sourcecode.swift; path = MetodosViewController.swift; sourceTree = "<group>"; };
		EC40146C22608D0A00EAB029 /* Assets.xcassets */ = {isa = PBXFileReference; lastKnownFileType = folder.assetcatalog; path = Assets.xcassets; sourceTree = "<group>"; };
/* End PBXFileReference section */

/* Begin PBXFrameworksBuildPhase section */
		EC25549D225E61EC006438A8 /* Frameworks */ = {
			isa = PBXFrameworksBuildPhase;
			buildActionMask = 2147483647;
			files = (
			);
			runOnlyForDeploymentPostprocessing = 0;
		};
/* End PBXFrameworksBuildPhase section */

/* Begin PBXGroup section */
		EC255497225E61EC006438A8 = {
			isa = PBXGroup;
			children = (
				EC2554A2225E61EC006438A8 /* PI5 */,
				EC2554A1225E61EC006438A8 /* Products */,
			);
			sourceTree = "<group>";
		};
		EC2554A1225E61EC006438A8 /* Products */ = {
			isa = PBXGroup;
			children = (
				EC2554A0225E61EC006438A8 /* PI5.app */,
			);
			name = Products;
			sourceTree = "<group>";
		};
		EC2554A2225E61EC006438A8 /* PI5 */ = {
			isa = PBXGroup;
			children = (
				EC2554A3225E61EC006438A8 /* AppDelegate.swift */,
				EC2554A5225E61EC006438A8 /* SimuladorViewController.swift */,
				EC3903C52292C1D300DFB5D1 /* HomeViewController.swift */,
				EC3903C72292D60400DFB5D1 /* MetodosViewController.swift */,
				EC2554A7225E61EC006438A8 /* Main.storyboard */,
				EC40146C22608D0A00EAB029 /* Assets.xcassets */,
				EC2554AC225E61EE006438A8 /* LaunchScreen.storyboard */,
				EC2554AF225E61EE006438A8 /* Info.plist */,
			);
			path = PI5;
			sourceTree = "<group>";
		};
/* End PBXGroup section */

/* Begin PBXNativeTarget section */
		EC25549F225E61EC006438A8 /* PI5 */ = {
			isa = PBXNativeTarget;
			buildConfigurationList = EC2554B2225E61EE006438A8 /* Build configuration list for PBXNativeTarget "PI5" */;
			buildPhases = (
				EC25549C225E61EC006438A8 /* Sources */,
				EC25549D225E61EC006438A8 /* Frameworks */,
				EC25549E225E61EC006438A8 /* Resources */,
			);
			buildRules = (
			);
			dependencies = (
			);
			name = PI5;
			productName = PI5;
			productReference = EC2554A0225E61EC006438A8 /* PI5.app */;
			productType = "com.apple.product-type.application";
		};
/* End PBXNativeTarget section */

/* Begin PBXProject section */
		EC255498225E61EC006438A8 /* Project object */ = {
			isa = PBXProject;
			attributes = {
				LastSwiftUpdateCheck = 1020;
				LastUpgradeCheck = 1020;
				ORGANIZATIONNAME = "Gustavo Garcia Leite";
				TargetAttributes = {
					EC25549F225E61EC006438A8 = {
						CreatedOnToolsVersion = 10.2;
					};
				};
			};
			buildConfigurationList = EC25549B225E61EC006438A8 /* Build configuration list for PBXProject "PI5" */;
			compatibilityVersion = "Xcode 9.3";
			developmentRegion = en;
			hasScannedForEncodings = 0;
			knownRegions = (
				en,
				Base,
			);
			mainGroup = EC255497225E61EC006438A8;
			productRefGroup = EC2554A1225E61EC006438A8 /* Products */;
			projectDirPath = "";
			projectRoot = "";
			targets = (
				EC25549F225E61EC006438A8 /* PI5 */,
			);
		};
/* End PBXProject section */

/* Begin PBXResourcesBuildPhase section */
		EC25549E225E61EC006438A8 /* Resources */ = {
			isa = PBXResourcesBuildPhase;
			buildActionMask = 2147483647;
			files = (
				EC2554AE225E61EE006438A8 /* LaunchScreen.storyboard in Resources */,
				EC40146D22608D0A00EAB029 /* Assets.xcassets in Resources */,
				EC2554A9225E61EC006438A8 /* Main.storyboard in Resources */,
			);
			runOnlyForDeploymentPostprocessing = 0;
		};
/* End PBXResourcesBuildPhase section */

/* Begin PBXSourcesBuildPhase section */
		EC25549C225E61EC006438A8 /* Sources */ = {
			isa = PBXSourcesBuildPhase;
			buildActionMask = 2147483647;
			files = (
				EC3903C82292D60400DFB5D1 /* MetodosViewController.swift in Sources */,
				EC2554A6225E61EC006438A8 /* SimuladorViewController.swift in Sources */,
				EC2554A4225E61EC006438A8 /* AppDelegate.swift in Sources */,
				EC3903C62292C1D300DFB5D1 /* HomeViewController.swift in Sources */,
			);
			runOnlyForDeploymentPostprocessing = 0;
		};
/* End PBXSourcesBuildPhase section */

/* Begin PBXVariantGroup section */
		EC2554A7225E61EC006438A8 /* Main.storyboard */ = {
			isa = PBXVariantGroup;
			children = (
				EC2554A8225E61EC006438A8 /* Base */,
			);
			name = Main.storyboard;
			sourceTree = "<group>";
		};
		EC2554AC225E61EE006438A8 /* LaunchScreen.storyboard */ = {
			isa = PBXVariantGroup;
			children = (
				EC2554AD225E61EE006438A8 /* Base */,
			);
			name = LaunchScreen.storyboard;
			sourceTree = "<group>";
		};
/* End PBXVariantGroup section */

/* Begin XCBuildConfiguration section */
		EC2554B0225E61EE006438A8 /* Debug */ = {
			isa = XCBuildConfiguration;
			buildSettings = {
				ALWAYS_SEARCH_USER_PATHS = NO;
				CLANG_ANALYZER_NONNULL = YES;
				CLANG_ANALYZER_NUMBER_OBJECT_CONVERSION = YES_AGGRESSIVE;
				CLANG_CXX_LANGUAGE_STANDARD = "gnu++14";
				CLANG_CXX_LIBRARY = "libc++";
				CLANG_ENABLE_MODULES = YES;
				CLANG_ENABLE_OBJC_ARC = YES;
				CLANG_ENABLE_OBJC_WEAK = YES;
				CLANG_WARN_BLOCK_CAPTURE_AUTORELEASING = YES;
				CLANG_WARN_BOOL_CONVERSION = YES;
				CLANG_WARN_COMMA = YES;
				CLANG_WARN_CONSTANT_CONVERSION = YES;
				CLANG_WARN_DEPRECATED_OBJC_IMPLEMENTATIONS = YES;
				CLANG_WARN_DIRECT_OBJC_ISA_USAGE = YES_ERROR;
				CLANG_WARN_DOCUMENTATION_COMMENTS = YES;
				CLANG_WARN_EMPTY_BODY = YES;
				CLANG_WARN_ENUM_CONVERSION = YES;
				CLANG_WARN_INFINITE_RECURSION = YES;
				CLANG_WARN_INT_CONVERSION = YES;
				CLANG_WARN_NON_LITERAL_NULL_CONVERSION = YES;
				CLANG_WARN_OBJC_IMPLICIT_RETAIN_SELF = YES;
				CLANG_WARN_OBJC_LITERAL_CONVERSION = YES;
				CLANG_WARN_OBJC_ROOT_CLASS = YES_ERROR;
				CLANG_WARN_RANGE_LOOP_ANALYSIS = YES;
				CLANG_WARN_STRICT_PROTOTYPES = YES;
				CLANG_WARN_SUSPICIOUS_MOVE = YES;
				CLANG_WARN_UNGUARDED_AVAILABILITY = YES_AGGRESSIVE;
				CLANG_WARN_UNREACHABLE_CODE = YES;
				CLANG_WARN__DUPLICATE_METHOD_MATCH = YES;
				CODE_SIGN_IDENTITY = "iPhone Developer";
				COPY_PHASE_STRIP = NO;
				DEBUG_INFORMATION_FORMAT = dwarf;
				ENABLE_STRICT_OBJC_MSGSEND = YES;
				ENABLE_TESTABILITY = YES;
				GCC_C_LANGUAGE_STANDARD = gnu11;
				GCC_DYNAMIC_NO_PIC = NO;
				GCC_NO_COMMON_BLOCKS = YES;
				GCC_OPTIMIZATION_LEVEL = 0;
				GCC_PREPROCESSOR_DEFINITIONS = (
					"DEBUG=1",
					"$(inherited)",
				);
				GCC_WARN_64_TO_32_BIT_CONVERSION = YES;
				GCC_WARN_ABOUT_RETURN_TYPE = YES_ERROR;
				GCC_WARN_UNDECLARED_SELECTOR = YES;
				GCC_WARN_UNINITIALIZED_AUTOS = YES_AGGRESSIVE;
				GCC_WARN_UNUSED_FUNCTION = YES;
				GCC_WARN_UNUSED_VARIABLE = YES;
				IPHONEOS_DEPLOYMENT_TARGET = 12.2;
				MTL_ENABLE_DEBUG_INFO = INCLUDE_SOURCE;
				MTL_FAST_MATH = YES;
				ONLY_ACTIVE_ARCH = YES;
				SDKROOT = iphoneos;
				SWIFT_ACTIVE_COMPILATION_CONDITIONS = DEBUG;
				SWIFT_OPTIMIZATION_LEVEL = "-Onone";
			};
			name = Debug;
		};
		EC2554B1225E61EE006438A8 /* Release */ = {
			isa = XCBuildConfiguration;
			buildSettings = {
				ALWAYS_SEARCH_USER_PATHS = NO;
				CLANG_ANALYZER_NONNULL = YES;
				CLANG_ANALYZER_NUMBER_OBJECT_CONVERSION = YES_AGGRESSIVE;
				CLANG_CXX_LANGUAGE_STANDARD = "gnu++14";
				CLANG_CXX_LIBRARY = "libc++";
				CLANG_ENABLE_MODULES = YES;
				CLANG_ENABLE_OBJC_ARC = YES;
				CLANG_ENABLE_OBJC_WEAK = YES;
				CLANG_WARN_BLOCK_CAPTURE_AUTORELEASING = YES;
				CLANG_WARN_BOOL_CONVERSION = YES;
				CLANG_WARN_COMMA = YES;
				CLANG_WARN_CONSTANT_CONVERSION = YES;
				CLANG_WARN_DEPRECATED_OBJC_IMPLEMENTATIONS = YES;
				CLANG_WARN_DIRECT_OBJC_ISA_USAGE = YES_ERROR;
				CLANG_WARN_DOCUMENTATION_COMMENTS = YES;
				CLANG_WARN_EMPTY_BODY = YES;
				CLANG_WARN_ENUM_CONVERSION = YES;
				CLANG_WARN_INFINITE_RECURSION = YES;
				CLANG_WARN_INT_CONVERSION = YES;
				CLANG_WARN_NON_LITERAL_NULL_CONVERSION = YES;
				CLANG_WARN_OBJC_IMPLICIT_RETAIN_SELF = YES;
				CLANG_WARN_OBJC_LITERAL_CONVERSION = YES;
				CLANG_WARN_OBJC_ROOT_CLASS = YES_ERROR;
				CLANG_WARN_RANGE_LOOP_ANALYSIS = YES;
				CLANG_WARN_STRICT_PROTOTYPES = YES;
				CLANG_WARN_SUSPICIOUS_MOVE = YES;
				CLANG_WARN_UNGUARDED_AVAILABILITY = YES_AGGRESSIVE;
				CLANG_WARN_UNREACHABLE_CODE = YES;
				CLANG_WARN__DUPLICATE_METHOD_MATCH = YES;
				CODE_SIGN_IDENTITY = "iPhone Developer";
				COPY_PHASE_STRIP = NO;
				DEBUG_INFORMATION_FORMAT = "dwarf-with-dsym";
				ENABLE_NS_ASSERTIONS = NO;
				ENABLE_STRICT_OBJC_MSGSEND = YES;
				GCC_C_LANGUAGE_STANDARD = gnu11;
				GCC_NO_COMMON_BLOCKS = YES;
				GCC_WARN_64_TO_32_BIT_CONVERSION = YES;
				GCC_WARN_ABOUT_RETURN_TYPE = YES_ERROR;
				GCC_WARN_UNDECLARED_SELECTOR = YES;
				GCC_WARN_UNINITIALIZED_AUTOS = YES_AGGRESSIVE;
				GCC_WARN_UNUSED_FUNCTION = YES;
				GCC_WARN_UNUSED_VARIABLE = YES;
				IPHONEOS_DEPLOYMENT_TARGET = 12.2;
				MTL_ENABLE_DEBUG_INFO = NO;
				MTL_FAST_MATH = YES;
				SDKROOT = iphoneos;
				SWIFT_COMPILATION_MODE = wholemodule;
				SWIFT_OPTIMIZATION_LEVEL = "-O";
				VALIDATE_PRODUCT = YES;
			};
			name = Release;
		};
		EC2554B3225E61EE006438A8 /* Debug */ = {
			isa = XCBuildConfiguration;
			buildSettings = {
				ASSETCATALOG_COMPILER_APPICON_NAME = AppIcon;
				CODE_SIGN_STYLE = Automatic;
				DEVELOPMENT_TEAM = M4Q8B5NHUM;
				INFOPLIST_FILE = PI5/Info.plist;
				LD_RUNPATH_SEARCH_PATHS = (
					"$(inherited)",
					"@executable_path/Frameworks",
				);
				PRODUCT_BUNDLE_IDENTIFIER = com.pi5.gustavo.PI5;
				PRODUCT_NAME = "$(TARGET_NAME)";
				SWIFT_VERSION = 5.0;
				TARGETED_DEVICE_FAMILY = "1,2";
			};
			name = Debug;
		};
		EC2554B4225E61EE006438A8 /* Release */ = {
			isa = XCBuildConfiguration;
			buildSettings = {
				ASSETCATALOG_COMPILER_APPICON_NAME = AppIcon;
				CODE_SIGN_STYLE = Automatic;
				DEVELOPMENT_TEAM = M4Q8B5NHUM;
				INFOPLIST_FILE = PI5/Info.plist;
				LD_RUNPATH_SEARCH_PATHS = (
					"$(inherited)",
					"@executable_path/Frameworks",
				);
				PRODUCT_BUNDLE_IDENTIFIER = com.pi5.gustavo.PI5;
				PRODUCT_NAME = "$(TARGET_NAME)";
				SWIFT_VERSION = 5.0;
				TARGETED_DEVICE_FAMILY = "1,2";
			};
			name = Release;
		};
/* End XCBuildConfiguration section */

/* Begin XCConfigurationList section */
		EC25549B225E61EC006438A8 /* Build configuration list for PBXProject "PI5" */ = {
			isa = XCConfigurationList;
			buildConfigurations = (
				EC2554B0225E61EE006438A8 /* Debug */,
				EC2554B1225E61EE006438A8 /* Release */,
			);
			defaultConfigurationIsVisible = 0;
			defaultConfigurationName = Release;
		};
		EC2554B2225E61EE006438A8 /* Build configuration list for PBXNativeTarget "PI5" */ = {
			isa = XCConfigurationList;
			buildConfigurations = (
				EC2554B3225E61EE006438A8 /* Debug */,
				EC2554B4225E61EE006438A8 /* Release */,
			);
			defaultConfigurationIsVisible = 0;
			defaultConfigurationName = Release;
		};
/* End XCConfigurationList section */
	};
	rootObject = EC255498225E61EC006438A8 /* Project object */;
}
